
Microsoft Visual Studio Solution File, Format Version 12.00
# Visual Studio 14
VisualStudioVersion = 14.0.22310.1
MinimumVisualStudioVersion = 10.0.40219.1
Project("{FAE04EC0-301F-11D3-BF4B-00C04F79EFBC}") = "SampleSMA", "SampleSMA.csproj", "{3073ED94-F863-43D7-B817-70C34136C91A}"
EndProject
Project("{2150E333-8FDC-42A3-9474-1A3956D46DE8}") = "Solution Items", "Solution Items", "{7D1806D5-3C51-49FC-A72D-3654C080FBE6}"
EndProject
Project("{FAE04EC0-301F-11D3-BF4B-00C04F79EFBC}") = "Algo", "..\stocksharp\Algo\Algo.csproj", "{2A5C6FAD-106C-4A4A-B602-77A6B1034CA2}"
EndProject
Project("{FAE04EC0-301F-11D3-BF4B-00C04F79EFBC}") = "BusinessEntities", "..\stocksharp\BusinessEntities\BusinessEntities.csproj", "{DCE69DB8-53CA-4B7F-9368-02F175A31074}"
EndProject
Project("{FAE04EC0-301F-11D3-BF4B-00C04F79EFBC}") = "Logging", "..\stocksharp\Logging\Logging.csproj", "{C4476ADD-A3D5-41BB-9D43-55D865863B78}"
EndProject
Project("{FAE04EC0-301F-11D3-BF4B-00C04F79EFBC}") = "Messages", "..\stocksharp\Messages\Messages.csproj", "{B47F9C23-A4BD-46A9-BF27-54CB3D653503}"
EndProject
Project("{FAE04EC0-301F-11D3-BF4B-00C04F79EFBC}") = "Xaml", "..\stocksharp\Xaml\Xaml.csproj", "{64E4D6F0-36B6-4904-9BA7-FFFBE5FF71D8}"
EndProject
Project("{FAE04EC0-301F-11D3-BF4B-00C04F79EFBC}") = "QuikPublic", "..\stocksharp\Connectors\Quik\QuikPublic.csproj", "{1B798A4E-2271-46F9-9C2D-4E563114E268}"
EndProject
Global
	GlobalSection(SolutionConfigurationPlatforms) = preSolution
		Debug|Any CPU = Debug|Any CPU
		Debug|Mixed Platforms = Debug|Mixed Platforms
		Debug|x86 = Debug|x86
		Release|Any CPU = Release|Any CPU
		Release|Mixed Platforms = Release|Mixed Platforms
		Release|x86 = Release|x86
	EndGlobalSection
	GlobalSection(ProjectConfigurationPlatforms) = postSolution
		{3073ED94-F863-43D7-B817-70C34136C91A}.Debug|Any CPU.ActiveCfg = Debug|Any CPU
		{3073ED94-F863-43D7-B817-70C34136C91A}.Debug|Any CPU.Build.0 = Debug|Any CPU
		{3073ED94-F863-43D7-B817-70C34136C91A}.Debug|Mixed Platforms.ActiveCfg = Debug|Any CPU
		{3073ED94-F863-43D7-B817-70C34136C91A}.Debug|Mixed Platforms.Build.0 = Debug|Any CPU
		{3073ED94-F863-43D7-B817-70C34136C91A}.Debug|x86.ActiveCfg = Debug|Any CPU
		{3073ED94-F863-43D7-B817-70C34136C91A}.Release|Any CPU.ActiveCfg = Release|Any CPU
		{3073ED94-F863-43D7-B817-70C34136C91A}.Release|Any CPU.Build.0 = Release|Any CPU
		{3073ED94-F863-43D7-B817-70C34136C91A}.Release|Mixed Platforms.ActiveCfg = Release|Any CPU
		{3073ED94-F863-43D7-B817-70C34136C91A}.Release|Mixed Platforms.Build.0 = Release|Any CPU
		{3073ED94-F863-43D7-B817-70C34136C91A}.Release|x86.ActiveCfg = Release|Any CPU
		{2A5C6FAD-106C-4A4A-B602-77A6B1034CA2}.Debug|Any CPU.ActiveCfg = Debug|Any CPU
		{2A5C6FAD-106C-4A4A-B602-77A6B1034CA2}.Debug|Any CPU.Build.0 = Debug|Any CPU
		{2A5C6FAD-106C-4A4A-B602-77A6B1034CA2}.Debug|Mixed Platforms.ActiveCfg = Debug|Any CPU
		{2A5C6FAD-106C-4A4A-B602-77A6B1034CA2}.Debug|Mixed Platforms.Build.0 = Debug|Any CPU
		{2A5C6FAD-106C-4A4A-B602-77A6B1034CA2}.Debug|x86.ActiveCfg = Debug|Any CPU
		{2A5C6FAD-106C-4A4A-B602-77A6B1034CA2}.Debug|x86.Build.0 = Debug|Any CPU
		{2A5C6FAD-106C-4A4A-B602-77A6B1034CA2}.Release|Any CPU.ActiveCfg = Release|Any CPU
		{2A5C6FAD-106C-4A4A-B602-77A6B1034CA2}.Release|Any CPU.Build.0 = Release|Any CPU
		{2A5C6FAD-106C-4A4A-B602-77A6B1034CA2}.Release|Mixed Platforms.ActiveCfg = Release|Any CPU
		{2A5C6FAD-106C-4A4A-B602-77A6B1034CA2}.Release|Mixed Platforms.Build.0 = Release|Any CPU
		{2A5C6FAD-106C-4A4A-B602-77A6B1034CA2}.Release|x86.ActiveCfg = Release|Any CPU
		{2A5C6FAD-106C-4A4A-B602-77A6B1034CA2}.Release|x86.Build.0 = Release|Any CPU
		{DCE69DB8-53CA-4B7F-9368-02F175A31074}.Debug|Any CPU.ActiveCfg = Debug|Any CPU
		{DCE69DB8-53CA-4B7F-9368-02F175A31074}.Debug|Any CPU.Build.0 = Debug|Any CPU
		{DCE69DB8-53CA-4B7F-9368-02F175A31074}.Debug|Mixed Platforms.ActiveCfg = Debug|Any CPU
		{DCE69DB8-53CA-4B7F-9368-02F175A31074}.Debug|Mixed Platforms.Build.0 = Debug|Any CPU
		{DCE69DB8-53CA-4B7F-9368-02F175A31074}.Debug|x86.ActiveCfg = Debug|Any CPU
		{DCE69DB8-53CA-4B7F-9368-02F175A31074}.Debug|x86.Build.0 = Debug|Any CPU
		{DCE69DB8-53CA-4B7F-9368-02F175A31074}.Release|Any CPU.ActiveCfg = Release|Any CPU
		{DCE69DB8-53CA-4B7F-9368-02F175A31074}.Release|Any CPU.Build.0 = Release|Any CPU
		{DCE69DB8-53CA-4B7F-9368-02F175A31074}.Release|Mixed Platforms.ActiveCfg = Release|Any CPU
		{DCE69DB8-53CA-4B7F-9368-02F175A31074}.Release|Mixed Platforms.Build.0 = Release|Any CPU
		{DCE69DB8-53CA-4B7F-9368-02F175A31074}.Release|x86.ActiveCfg = Release|Any CPU
		{DCE69DB8-53CA-4B7F-9368-02F175A31074}.Release|x86.Build.0 = Release|Any CPU
		{C4476ADD-A3D5-41BB-9D43-55D865863B78}.Debug|Any CPU.ActiveCfg = Debug|Any CPU
		{C4476ADD-A3D5-41BB-9D43-55D865863B78}.Debug|Any CPU.Build.0 = Debug|Any CPU
		{C4476ADD-A3D5-41BB-9D43-55D865863B78}.Debug|Mixed Platforms.ActiveCfg = Debug|Any CPU
		{C4476ADD-A3D5-41BB-9D43-55D865863B78}.Debug|Mixed Platforms.Build.0 = Debug|Any CPU
		{C4476ADD-A3D5-41BB-9D43-55D865863B78}.Debug|x86.ActiveCfg = Debug|Any CPU
		{C4476ADD-A3D5-41BB-9D43-55D865863B78}.Debug|x86.Build.0 = Debug|Any CPU
		{C4476ADD-A3D5-41BB-9D43-55D865863B78}.Release|Any CPU.ActiveCfg = Release|Any CPU
		{C4476ADD-A3D5-41BB-9D43-55D865863B78}.Release|Any CPU.Build.0 = Release|Any CPU
		{C4476ADD-A3D5-41BB-9D43-55D865863B78}.Release|Mixed Platforms.ActiveCfg = Release|Any CPU
		{C4476ADD-A3D5-41BB-9D43-55D865863B78}.Release|Mixed Platforms.Build.0 = Release|Any CPU
		{C4476ADD-A3D5-41BB-9D43-55D865863B78}.Release|x86.ActiveCfg = Release|Any CPU
		{C4476ADD-A3D5-41BB-9D43-55D865863B78}.Release|x86.Build.0 = Release|Any CPU
		{B47F9C23-A4BD-46A9-BF27-54CB3D653503}.Debug|Any CPU.ActiveCfg = Debug|Any CPU
		{B47F9C23-A4BD-46A9-BF27-54CB3D653503}.Debug|Any CPU.Build.0 = Debug|Any CPU
		{B47F9C23-A4BD-46A9-BF27-54CB3D653503}.Debug|Mixed Platforms.ActiveCfg = Debug|Any CPU
		{B47F9C23-A4BD-46A9-BF27-54CB3D653503}.Debug|Mixed Platforms.Build.0 = Debug|Any CPU
		{B47F9C23-A4BD-46A9-BF27-54CB3D653503}.Debug|x86.ActiveCfg = Debug|Any CPU
		{B47F9C23-A4BD-46A9-BF27-54CB3D653503}.Debug|x86.Build.0 = Debug|Any CPU
		{B47F9C23-A4BD-46A9-BF27-54CB3D653503}.Release|Any CPU.ActiveCfg = Release|Any CPU
		{B47F9C23-A4BD-46A9-BF27-54CB3D653503}.Release|Any CPU.Build.0 = Release|Any CPU
		{B47F9C23-A4BD-46A9-BF27-54CB3D653503}.Release|Mixed Platforms.ActiveCfg = Release|Any CPU
		{B47F9C23-A4BD-46A9-BF27-54CB3D653503}.Release|Mixed Platforms.Build.0 = Release|Any CPU
		{B47F9C23-A4BD-46A9-BF27-54CB3D653503}.Release|x86.ActiveCfg = Release|Any CPU
		{B47F9C23-A4BD-46A9-BF27-54CB3D653503}.Release|x86.Build.0 = Release|Any CPU
		{64E4D6F0-36B6-4904-9BA7-FFFBE5FF71D8}.Debug|Any CPU.ActiveCfg = Debug|Any CPU
		{64E4D6F0-36B6-4904-9BA7-FFFBE5FF71D8}.Debug|Any CPU.Build.0 = Debug|Any CPU
		{64E4D6F0-36B6-4904-9BA7-FFFBE5FF71D8}.Debug|Mixed Platforms.ActiveCfg = Debug|Any CPU
		{64E4D6F0-36B6-4904-9BA7-FFFBE5FF71D8}.Debug|Mixed Platforms.Build.0 = Debug|Any CPU
		{64E4D6F0-36B6-4904-9BA7-FFFBE5FF71D8}.Debug|x86.ActiveCfg = Debug|Any CPU
		{64E4D6F0-36B6-4904-9BA7-FFFBE5FF71D8}.Debug|x86.Build.0 = Debug|Any CPU
		{64E4D6F0-36B6-4904-9BA7-FFFBE5FF71D8}.Release|Any CPU.ActiveCfg = Release|Any CPU
		{64E4D6F0-36B6-4904-9BA7-FFFBE5FF71D8}.Release|Any CPU.Build.0 = Release|Any CPU
		{64E4D6F0-36B6-4904-9BA7-FFFBE5FF71D8}.Release|Mixed Platforms.ActiveCfg = Release|Any CPU
		{64E4D6F0-36B6-4904-9BA7-FFFBE5FF71D8}.Release|Mixed Platforms.Build.0 = Release|Any CPU
		{64E4D6F0-36B6-4904-9BA7-FFFBE5FF71D8}.Release|x86.ActiveCfg = Release|Any CPU
		{64E4D6F0-36B6-4904-9BA7-FFFBE5FF71D8}.Release|x86.Build.0 = Release|Any CPU
		{1B798A4E-2271-46F9-9C2D-4E563114E268}.Debug|Any CPU.ActiveCfg = Debug|Any CPU
		{1B798A4E-2271-46F9-9C2D-4E563114E268}.Debug|Any CPU.Build.0 = Debug|Any CPU
		{1B798A4E-2271-46F9-9C2D-4E563114E268}.Debug|Mixed Platforms.ActiveCfg = Debug|Any CPU
		{1B798A4E-2271-46F9-9C2D-4E563114E268}.Debug|Mixed Platforms.Build.0 = Debug|Any CPU
		{1B798A4E-2271-46F9-9C2D-4E563114E268}.Debug|x86.ActiveCfg = Debug|Any CPU
		{1B798A4E-2271-46F9-9C2D-4E563114E268}.Debug|x86.Build.0 = Debug|Any CPU
		{1B798A4E-2271-46F9-9C2D-4E563114E268}.Release|Any CPU.ActiveCfg = Release|Any CPU
		{1B798A4E-2271-46F9-9C2D-4E563114E268}.Release|Any CPU.Build.0 = Release|Any CPU
		{1B798A4E-2271-46F9-9C2D-4E563114E268}.Release|Mixed Platforms.ActiveCfg = Release|Any CPU
		{1B798A4E-2271-46F9-9C2D-4E563114E268}.Release|Mixed Platforms.Build.0 = Release|Any CPU
		{1B798A4E-2271-46F9-9C2D-4E563114E268}.Release|x86.ActiveCfg = Release|Any CPU
		{1B798A4E-2271-46F9-9C2D-4E563114E268}.Release|x86.Build.0 = Release|Any CPU
	EndGlobalSection
	GlobalSection(SolutionProperties) = preSolution
		HideSolutionNode = FALSE
	EndGlobalSection
EndGlobal
